// !$*UTF8*$!
{
	archiveVersion = 1;
	classes = {
	};
	objectVersion = 46;
	objects = {

/* Begin PBXBuildFile section */
		28872BCD15BDD29D00481B1A /* UIKit.framework in Frameworks */ = {isa = PBXBuildFile; fileRef = 28872BCC15BDD29D00481B1A /* UIKit.framework */; };
		28872BCF15BDD29D00481B1A /* Foundation.framework in Frameworks */ = {isa = PBXBuildFile; fileRef = 28872BCE15BDD29D00481B1A /* Foundation.framework */; };
		28872BD115BDD29D00481B1A /* CoreGraphics.framework in Frameworks */ = {isa = PBXBuildFile; fileRef = 28872BD015BDD29D00481B1A /* CoreGraphics.framework */; };
		28872BF215BDD32E00481B1A /* BOMenuCell.m in Sources */ = {isa = PBXBuildFile; fileRef = 28872BEF15BDD32E00481B1A /* BOMenuCell.m */; };
		28872BF315BDD32E00481B1A /* BOMenuTableViewController.m in Sources */ = {isa = PBXBuildFile; fileRef = 28872BF115BDD32E00481B1A /* BOMenuTableViewController.m */; };
		28872BF615BDD37700481B1A /* DemoViewController.m in Sources */ = {isa = PBXBuildFile; fileRef = 28872BF515BDD37700481B1A /* DemoViewController.m */; };
		28872BF915BDD47C00481B1A /* AppDelegate.m in Sources */ = {isa = PBXBuildFile; fileRef = 28872BF815BDD47C00481B1A /* AppDelegate.m */; };
		28872BFB15BDD49A00481B1A /* main.m in Sources */ = {isa = PBXBuildFile; fileRef = 28872BFA15BDD49A00481B1A /* main.m */; };
/* End PBXBuildFile section */

/* Begin PBXFileReference section */
		28872BC815BDD29D00481B1A /* BOMenuTableViewController.app */ = {isa = PBXFileReference; explicitFileType = wrapper.application; includeInIndex = 0; path = BOMenuTableViewController.app; sourceTree = BUILT_PRODUCTS_DIR; };
		28872BCC15BDD29D00481B1A /* UIKit.framework */ = {isa = PBXFileReference; lastKnownFileType = wrapper.framework; name = UIKit.framework; path = System/Library/Frameworks/UIKit.framework; sourceTree = SDKROOT; };
		28872BCE15BDD29D00481B1A /* Foundation.framework */ = {isa = PBXFileReference; lastKnownFileType = wrapper.framework; name = Foundation.framework; path = System/Library/Frameworks/Foundation.framework; sourceTree = SDKROOT; };
		28872BD015BDD29D00481B1A /* CoreGraphics.framework */ = {isa = PBXFileReference; lastKnownFileType = wrapper.framework; name = CoreGraphics.framework; path = System/Library/Frameworks/CoreGraphics.framework; sourceTree = SDKROOT; };
		28872BD415BDD29D00481B1A /* BOMenuTableViewController-Info.plist */ = {isa = PBXFileReference; lastKnownFileType = text.plist.xml; path = "BOMenuTableViewController-Info.plist"; sourceTree = "<group>"; };
		28872BDA15BDD29D00481B1A /* BOMenuTableViewController-Prefix.pch */ = {isa = PBXFileReference; lastKnownFileType = sourcecode.c.h; path = "BOMenuTableViewController-Prefix.pch"; sourceTree = "<group>"; };
		28872BEE15BDD32E00481B1A /* BOMenuCell.h */ = {isa = PBXFileReference; fileEncoding = 4; lastKnownFileType = sourcecode.c.h; path = BOMenuCell.h; sourceTree = SOURCE_ROOT; };
		28872BEF15BDD32E00481B1A /* BOMenuCell.m */ = {isa = PBXFileReference; fileEncoding = 4; lastKnownFileType = sourcecode.c.objc; path = BOMenuCell.m; sourceTree = SOURCE_ROOT; };
		28872BF015BDD32E00481B1A /* BOMenuTableViewController.h */ = {isa = PBXFileReference; fileEncoding = 4; lastKnownFileType = sourcecode.c.h; path = BOMenuTableViewController.h; sourceTree = SOURCE_ROOT; };
		28872BF115BDD32E00481B1A /* BOMenuTableViewController.m */ = {isa = PBXFileReference; fileEncoding = 4; lastKnownFileType = sourcecode.c.objc; path = BOMenuTableViewController.m; sourceTree = SOURCE_ROOT; };
		28872BF415BDD37700481B1A /* DemoViewController.h */ = {isa = PBXFileReference; fileEncoding = 4; lastKnownFileType = sourcecode.c.h; path = DemoViewController.h; sourceTree = SOURCE_ROOT; };
		28872BF515BDD37700481B1A /* DemoViewController.m */ = {isa = PBXFileReference; fileEncoding = 4; lastKnownFileType = sourcecode.c.objc; path = DemoViewController.m; sourceTree = SOURCE_ROOT; };
		28872BF715BDD47C00481B1A /* AppDelegate.h */ = {isa = PBXFileReference; fileEncoding = 4; lastKnownFileType = sourcecode.c.h; path = AppDelegate.h; sourceTree = SOURCE_ROOT; };
		28872BF815BDD47C00481B1A /* AppDelegate.m */ = {isa = PBXFileReference; fileEncoding = 4; lastKnownFileType = sourcecode.c.objc; path = AppDelegate.m; sourceTree = SOURCE_ROOT; };
		28872BFA15BDD49A00481B1A /* main.m */ = {isa = PBXFileReference; fileEncoding = 4; lastKnownFileType = sourcecode.c.objc; path = main.m; sourceTree = SOURCE_ROOT; };
/* End PBXFileReference section */

/* Begin PBXFrameworksBuildPhase section */
		28872BC515BDD29D00481B1A /* Frameworks */ = {
			isa = PBXFrameworksBuildPhase;
			buildActionMask = 2147483647;
			files = (
				28872BCD15BDD29D00481B1A /* UIKit.framework in Frameworks */,
				28872BCF15BDD29D00481B1A /* Foundation.framework in Frameworks */,
				28872BD115BDD29D00481B1A /* CoreGraphics.framework in Frameworks */,
			);
			runOnlyForDeploymentPostprocessing = 0;
		};
/* End PBXFrameworksBuildPhase section */

/* Begin PBXGroup section */
		28872BBD15BDD29D00481B1A = {
			isa = PBXGroup;
			children = (
				28872BD215BDD29D00481B1A /* BOMenuTableViewController */,
				28872BCB15BDD29D00481B1A /* Frameworks */,
				28872BC915BDD29D00481B1A /* Products */,
			);
			sourceTree = "<group>";
		};
		28872BC915BDD29D00481B1A /* Products */ = {
			isa = PBXGroup;
			children = (
				28872BC815BDD29D00481B1A /* BOMenuTableViewController.app */,
			);
			name = Products;
			sourceTree = "<group>";
		};
		28872BCB15BDD29D00481B1A /* Frameworks */ = {
			isa = PBXGroup;
			children = (
				28872BCC15BDD29D00481B1A /* UIKit.framework */,
				28872BCE15BDD29D00481B1A /* Foundation.framework */,
				28872BD015BDD29D00481B1A /* CoreGraphics.framework */,
			);
			name = Frameworks;
			sourceTree = "<group>";
		};
		28872BD215BDD29D00481B1A /* BOMenuTableViewController */ = {
			isa = PBXGroup;
			children = (
				28872BF715BDD47C00481B1A /* AppDelegate.h */,
				28872BF815BDD47C00481B1A /* AppDelegate.m */,
				28872BEE15BDD32E00481B1A /* BOMenuCell.h */,
				28872BEF15BDD32E00481B1A /* BOMenuCell.m */,
				28872BF015BDD32E00481B1A /* BOMenuTableViewController.h */,
				28872BF115BDD32E00481B1A /* BOMenuTableViewController.m */,
				28872BD315BDD29D00481B1A /* Supporting Files */,
				28872BF415BDD37700481B1A /* DemoViewController.h */,
				28872BF515BDD37700481B1A /* DemoViewController.m */,
			);
			path = BOMenuTableViewController;
			sourceTree = "<group>";
		};
		28872BD315BDD29D00481B1A /* Supporting Files */ = {
			isa = PBXGroup;
			children = (
				28872BFA15BDD49A00481B1A /* main.m */,
				28872BD415BDD29D00481B1A /* BOMenuTableViewController-Info.plist */,
				28872BDA15BDD29D00481B1A /* BOMenuTableViewController-Prefix.pch */,
			);
			name = "Supporting Files";
			sourceTree = "<group>";
		};
/* End PBXGroup section */

/* Begin PBXNativeTarget section */
		28872BC715BDD29D00481B1A /* BOMenuTableViewController */ = {
			isa = PBXNativeTarget;
			buildConfigurationList = 28872BE015BDD29E00481B1A /* Build configuration list for PBXNativeTarget "BOMenuTableViewController" */;
			buildPhases = (
				28872BC415BDD29D00481B1A /* Sources */,
				28872BC515BDD29D00481B1A /* Frameworks */,
				28872BC615BDD29D00481B1A /* Resources */,
			);
			buildRules = (
			);
			dependencies = (
			);
			name = BOMenuTableViewController;
			productName = BOMenuTableViewController;
			productReference = 28872BC815BDD29D00481B1A /* BOMenuTableViewController.app */;
			productType = "com.apple.product-type.application";
		};
/* End PBXNativeTarget section */

/* Begin PBXProject section */
		28872BBF15BDD29D00481B1A /* Project object */ = {
			isa = PBXProject;
			attributes = {
				LastUpgradeCheck = 0430;
				ORGANIZATIONNAME = "Left wing";
			};
			buildConfigurationList = 28872BC215BDD29D00481B1A /* Build configuration list for PBXProject "BOMenuTableViewController" */;
			compatibilityVersion = "Xcode 3.2";
			developmentRegion = English;
			hasScannedForEncodings = 0;
			knownRegions = (
				en,
			);
			mainGroup = 28872BBD15BDD29D00481B1A;
			productRefGroup = 28872BC915BDD29D00481B1A /* Products */;
			projectDirPath = "";
			projectRoot = "";
			targets = (
				28872BC715BDD29D00481B1A /* BOMenuTableViewController */,
			);
		};
/* End PBXProject section */

/* Begin PBXResourcesBuildPhase section */
		28872BC615BDD29D00481B1A /* Resources */ = {
			isa = PBXResourcesBuildPhase;
			buildActionMask = 2147483647;
			files = (
			);
			runOnlyForDeploymentPostprocessing = 0;
		};
/* End PBXResourcesBuildPhase section */

/* Begin PBXSourcesBuildPhase section */
		28872BC415BDD29D00481B1A /* Sources */ = {
			isa = PBXSourcesBuildPhase;
			buildActionMask = 2147483647;
			files = (
				28872BF215BDD32E00481B1A /* BOMenuCell.m in Sources */,
				28872BF315BDD32E00481B1A /* BOMenuTableViewController.m in Sources */,
				28872BF615BDD37700481B1A /* DemoViewController.m in Sources */,
				28872BF915BDD47C00481B1A /* AppDelegate.m in Sources */,
				28872BFB15BDD49A00481B1A /* main.m in Sources */,
			);
			runOnlyForDeploymentPostprocessing = 0;
		};
/* End PBXSourcesBuildPhase section */

/* Begin XCBuildConfiguration section */
		28872BDE15BDD29E00481B1A /* Debug */ = {
			isa = XCBuildConfiguration;
			buildSettings = {
				ALWAYS_SEARCH_USER_PATHS = NO;
				ARCHS = "$(ARCHS_STANDARD_32_BIT)";
				CLANG_ENABLE_OBJC_ARC = YES;
				"CODE_SIGN_IDENTITY[sdk=iphoneos*]" = "iPhone Developer";
				COPY_PHASE_STRIP = NO;
				GCC_C_LANGUAGE_STANDARD = gnu99;
				GCC_DYNAMIC_NO_PIC = NO;
				GCC_OPTIMIZATION_LEVEL = 0;
				GCC_PREPROCESSOR_DEFINITIONS = (
					"DEBUG=1",
					"$(inherited)",
				);
				GCC_SYMBOLS_PRIVATE_EXTERN = NO;
				GCC_VERSION = com.apple.compilers.llvm.clang.1_0;
				GCC_WARN_ABOUT_RETURN_TYPE = YES;
				GCC_WARN_UNINITIALIZED_AUTOS = YES;
				GCC_WARN_UNUSED_VARIABLE = YES;
				IPHONEOS_DEPLOYMENT_TARGET = 5.1;
				SDKROOT = iphoneos;
				TARGETED_DEVICE_FAMILY = "1,2";
			};
			name = Debug;
		};
		28872BDF15BDD29E00481B1A /* Release */ = {
			isa = XCBuildConfiguration;
			buildSettings = {
				ALWAYS_SEARCH_USER_PATHS = NO;
				ARCHS = "$(ARCHS_STANDARD_32_BIT)";
				CLANG_ENABLE_OBJC_ARC = YES;
				"CODE_SIGN_IDENTITY[sdk=iphoneos*]" = "iPhone Developer";
				COPY_PHASE_STRIP = YES;
				GCC_C_LANGUAGE_STANDARD = gnu99;
				GCC_VERSION = com.apple.compilers.llvm.clang.1_0;
				GCC_WARN_ABOUT_RETURN_TYPE = YES;
				GCC_WARN_UNINITIALIZED_AUTOS = YES;
				GCC_WARN_UNUSED_VARIABLE = YES;
				IPHONEOS_DEPLOYMENT_TARGET = 5.1;
				OTHER_CFLAGS = "-DNS_BLOCK_ASSERTIONS=1";
				SDKROOT = iphoneos;
				TARGETED_DEVICE_FAMILY = "1,2";
				VALIDATE_PRODUCT = YES;
			};
			name = Release;
		};
		28872BE115BDD29E00481B1A /* Debug */ = {
			isa = XCBuildConfiguration;
			buildSettings = {
				GCC_PRECOMPILE_PREFIX_HEADER = YES;
				GCC_PREFIX_HEADER = "BOMenuTableViewController-Prefix.pch";
				INFOPLIST_FILE = "BOMenuTableViewController-Info.plist";
				PRODUCT_NAME = "$(TARGET_NAME)";
				WRAPPER_EXTENSION = app;
			};
			name = Debug;
		};
		28872BE215BDD29E00481B1A /* Release */ = {
			isa = XCBuildConfiguration;
			buildSettings = {
				GCC_PRECOMPILE_PREFIX_HEADER = YES;
				GCC_PREFIX_HEADER = "BOMenuTableViewController-Prefix.pch";
				INFOPLIST_FILE = "BOMenuTableViewController-Info.plist";
				PRODUCT_NAME = "$(TARGET_NAME)";
				WRAPPER_EXTENSION = app;
			};
			name = Release;
		};
/* End XCBuildConfiguration section */

/* Begin XCConfigurationList section */
		28872BC215BDD29D00481B1A /* Build configuration list for PBXProject "BOMenuTableViewController" */ = {
			isa = XCConfigurationList;
			buildConfigurations = (
				28872BDE15BDD29E00481B1A /* Debug */,
				28872BDF15BDD29E00481B1A /* Release */,
			);
			defaultConfigurationIsVisible = 0;
			defaultConfigurationName = Release;
		};
		28872BE015BDD29E00481B1A /* Build configuration list for PBXNativeTarget "BOMenuTableViewController" */ = {
			isa = XCConfigurationList;
			buildConfigurations = (
				28872BE115BDD29E00481B1A /* Debug */,
				28872BE215BDD29E00481B1A /* Release */,
			);
			defaultConfigurationIsVisible = 0;
			defaultConfigurationName = Release;
		};
/* End XCConfigurationList section */
	};
	rootObject = 28872BBF15BDD29D00481B1A /* Project object */;
}
